
Microsoft Visual Studio Solution File, Format Version 12.00
# Visual Studio Version 17
VisualStudioVersion = 17.9.34701.34
MinimumVisualStudioVersion = 10.0.40219.1
Project("{FAE04EC0-301F-11D3-BF4B-00C04F79EFBC}") = "log_reg_notes", "log_reg_notes\log_reg_notes.csproj", "{66C3A299-6680-43B1-BBB3-1097DE6F7F28}"
EndProject
Global
	GlobalSection(SolutionConfigurationPlatforms) = preSolution
		Debug|Any CPU = Debug|Any CPU
		Release|Any CPU = Release|Any CPU
	EndGlobalSection
	GlobalSection(ProjectConfigurationPlatforms) = postSolution
		{66C3A299-6680-43B1-BBB3-1097DE6F7F28}.Debug|Any CPU.ActiveCfg = Debug|Any CPU
		{66C3A299-6680-43B1-BBB3-1097DE6F7F28}.Debug|Any CPU.Build.0 = Debug|Any CPU
		{66C3A299-6680-43B1-BBB3-1097DE6F7F28}.Release|Any CPU.ActiveCfg = Release|Any CPU
		{66C3A299-6680-43B1-BBB3-1097DE6F7F28}.Release|Any CPU.Build.0 = Release|Any CPU
	EndGlobalSection
	GlobalSection(SolutionProperties) = preSolution
		HideSolutionNode = FALSE
	EndGlobalSection
	GlobalSection(ExtensibilityGlobals) = postSolution
		SolutionGuid = {8B94C971-026E-4F5A-8614-1FA3F0EC6674}
	EndGlobalSection
EndGlobal
